
Microsoft Visual Studio Solution File, Format Version 12.00
# Visual Studio Version 17
VisualStudioVersion = 17.11.35312.102
MinimumVisualStudioVersion = 10.0.40219.1
Project("{8BC9CEB8-8B4A-11D0-8D11-00A0C91BC942}") = "001-gdi-square", "001-gdi-square\001-gdi-square.vcxproj", "{B53506D6-BF81-437A-A479-DBCBF9C236A7}"
EndProject
Project("{8BC9CEB8-8B4A-11D0-8D11-00A0C91BC942}") = "002-gdi-balls-animation", "002-gdi-balls-animation\002-gdi-balls-animation.vcxproj", "{14E3DBD4-D449-4221-85EB-D0A80FA55EE5}"
EndProject
Project("{8BC9CEB8-8B4A-11D0-8D11-00A0C91BC942}") = "003-gdi-chess-board", "003-gdi-chess-board\003-gdi-chess-board.vcxproj", "{9C827702-0C3B-49A3-A7BE-24EC6C22AB73}"
EndProject
Project("{8BC9CEB8-8B4A-11D0-8D11-00A0C91BC942}") = "004-gdi-rectangle-rush", "004-gdi-rectangle-rush\004-gdi-rectangle-rush.vcxproj", "{14AD85C3-E955-4082-9C19-FB72C76C05DF}"
EndProject
Project("{2150E333-8FDC-42A3-9474-1A3956D46DE8}") = "Solution Items", "Solution Items", "{DB4FE211-54DC-498F-9722-F06B84ED577A}"
	ProjectSection(SolutionItems) = preProject
		README.md = README.md
	EndProjectSection
EndProject
Project("{8BC9CEB8-8B4A-11D0-8D11-00A0C91BC942}") = "005-gdi-stopwatch", "005-gdi-stopwatch\003-gdi-stopwatch.vcxproj", "{285FCB83-DC00-4A6E-8C78-D56D9CFFC2B7}"
EndProject
Project("{8BC9CEB8-8B4A-11D0-8D11-00A0C91BC942}") = "006-gdi-dynamic-chart", "006-gdi-dynamic-chart\006-gdi-dynamic-chart.vcxproj", "{6C1A2807-0F23-4EDC-9F22-F717D3AC6F46}"
EndProject
Project("{8BC9CEB8-8B4A-11D0-8D11-00A0C91BC942}") = "007-file-view", "007-file-view\007-file-view.vcxproj", "{2A7C02CD-581F-4792-B550-2E51B32F67A5}"
EndProject
Project("{8BC9CEB8-8B4A-11D0-8D11-00A0C91BC942}") = "008-scroll-debug", "008-scroll-debug\008-scroll-debug.vcxproj", "{AE71DC2D-A42E-469B-992C-55028143D041}"
EndProject
Project("{8BC9CEB8-8B4A-11D0-8D11-00A0C91BC942}") = "009-file-raw-view", "009-file-raw-view\009-file-raw-view.vcxproj", "{8C00BC9E-325F-441A-8207-021727AD7F96}"
EndProject
Project("{8BC9CEB8-8B4A-11D0-8D11-00A0C91BC942}") = "010-webview2", "010-webview2\010-webview2.vcxproj", "{C127F965-433B-42E7-A4A4-44FEB2F732AB}"
EndProject
Project("{8BC9CEB8-8B4A-11D0-8D11-00A0C91BC942}") = "011-windows", "011-windows\011-windows.vcxproj", "{9F7D771B-9C63-45D7-911F-E4B956742246}"
EndProject
Project("{8BC9CEB8-8B4A-11D0-8D11-00A0C91BC942}") = "012-tray-hotkey", "012-tray-hotkey\012-tray-hotkey.vcxproj", "{8B9D3E4A-FB2B-49B6-99A4-270CA0C1509E}"
EndProject
Project("{8BC9CEB8-8B4A-11D0-8D11-00A0C91BC942}") = "013-files-tree", "013-files-tree\013-files-tree.vcxproj", "{12A3F41E-6749-4234-AC9B-074FC2A8C706}"
EndProject
Project("{8BC9CEB8-8B4A-11D0-8D11-00A0C91BC942}") = "014-gdi-plus", "014-gdi-plus\014-gdi-plus.vcxproj", "{663C221C-C3E4-4DB4-885D-95E5D7F5B280}"
EndProject
Project("{8BC9CEB8-8B4A-11D0-8D11-00A0C91BC942}") = "015-direct2d", "015-direct2d\015-direct2d.vcxproj", "{629204AC-384D-420C-AA36-3FB236152B7E}"
EndProject
Project("{8BC9CEB8-8B4A-11D0-8D11-00A0C91BC942}") = "016-window-spy", "016-window-spy\016-window-spy.vcxproj", "{386E8236-DF38-4B62-8679-07504464FA12}"
EndProject
Project("{8BC9CEB8-8B4A-11D0-8D11-00A0C91BC942}") = "017-window-filter", "017-window-filter\017-window-filter.vcxproj", "{AF209973-6AF5-45FD-A01A-592914E132E7}"
EndProject
Global
	GlobalSection(SolutionConfigurationPlatforms) = preSolution
		Debug|x64 = Debug|x64
		Debug|x86 = Debug|x86
		Release|x64 = Release|x64
		Release|x86 = Release|x86
	EndGlobalSection
	GlobalSection(ProjectConfigurationPlatforms) = postSolution
		{B53506D6-BF81-437A-A479-DBCBF9C236A7}.Debug|x64.ActiveCfg = Debug|x64
		{B53506D6-BF81-437A-A479-DBCBF9C236A7}.Debug|x64.Build.0 = Debug|x64
		{B53506D6-BF81-437A-A479-DBCBF9C236A7}.Debug|x86.ActiveCfg = Debug|Win32
		{B53506D6-BF81-437A-A479-DBCBF9C236A7}.Debug|x86.Build.0 = Debug|Win32
		{B53506D6-BF81-437A-A479-DBCBF9C236A7}.Release|x64.ActiveCfg = Release|x64
		{B53506D6-BF81-437A-A479-DBCBF9C236A7}.Release|x64.Build.0 = Release|x64
		{B53506D6-BF81-437A-A479-DBCBF9C236A7}.Release|x86.ActiveCfg = Release|Win32
		{B53506D6-BF81-437A-A479-DBCBF9C236A7}.Release|x86.Build.0 = Release|Win32
		{14E3DBD4-D449-4221-85EB-D0A80FA55EE5}.Debug|x64.ActiveCfg = Debug|x64
		{14E3DBD4-D449-4221-85EB-D0A80FA55EE5}.Debug|x64.Build.0 = Debug|x64
		{14E3DBD4-D449-4221-85EB-D0A80FA55EE5}.Debug|x86.ActiveCfg = Debug|Win32
		{14E3DBD4-D449-4221-85EB-D0A80FA55EE5}.Debug|x86.Build.0 = Debug|Win32
		{14E3DBD4-D449-4221-85EB-D0A80FA55EE5}.Release|x64.ActiveCfg = Release|x64
		{14E3DBD4-D449-4221-85EB-D0A80FA55EE5}.Release|x64.Build.0 = Release|x64
		{14E3DBD4-D449-4221-85EB-D0A80FA55EE5}.Release|x86.ActiveCfg = Release|Win32
		{14E3DBD4-D449-4221-85EB-D0A80FA55EE5}.Release|x86.Build.0 = Release|Win32
		{9C827702-0C3B-49A3-A7BE-24EC6C22AB73}.Debug|x64.ActiveCfg = Debug|x64
		{9C827702-0C3B-49A3-A7BE-24EC6C22AB73}.Debug|x64.Build.0 = Debug|x64
		{9C827702-0C3B-49A3-A7BE-24EC6C22AB73}.Debug|x86.ActiveCfg = Debug|Win32
		{9C827702-0C3B-49A3-A7BE-24EC6C22AB73}.Debug|x86.Build.0 = Debug|Win32
		{9C827702-0C3B-49A3-A7BE-24EC6C22AB73}.Release|x64.ActiveCfg = Release|x64
		{9C827702-0C3B-49A3-A7BE-24EC6C22AB73}.Release|x64.Build.0 = Release|x64
		{9C827702-0C3B-49A3-A7BE-24EC6C22AB73}.Release|x86.ActiveCfg = Release|Win32
		{9C827702-0C3B-49A3-A7BE-24EC6C22AB73}.Release|x86.Build.0 = Release|Win32
		{14AD85C3-E955-4082-9C19-FB72C76C05DF}.Debug|x64.ActiveCfg = Debug|x64
		{14AD85C3-E955-4082-9C19-FB72C76C05DF}.Debug|x64.Build.0 = Debug|x64
		{14AD85C3-E955-4082-9C19-FB72C76C05DF}.Debug|x86.ActiveCfg = Debug|Win32
		{14AD85C3-E955-4082-9C19-FB72C76C05DF}.Debug|x86.Build.0 = Debug|Win32
		{14AD85C3-E955-4082-9C19-FB72C76C05DF}.Release|x64.ActiveCfg = Release|x64
		{14AD85C3-E955-4082-9C19-FB72C76C05DF}.Release|x64.Build.0 = Release|x64
		{14AD85C3-E955-4082-9C19-FB72C76C05DF}.Release|x86.ActiveCfg = Release|Win32
		{14AD85C3-E955-4082-9C19-FB72C76C05DF}.Release|x86.Build.0 = Release|Win32
		{285FCB83-DC00-4A6E-8C78-D56D9CFFC2B7}.Debug|x64.ActiveCfg = Debug|x64
		{285FCB83-DC00-4A6E-8C78-D56D9CFFC2B7}.Debug|x64.Build.0 = Debug|x64
		{285FCB83-DC00-4A6E-8C78-D56D9CFFC2B7}.Debug|x86.ActiveCfg = Debug|Win32
		{285FCB83-DC00-4A6E-8C78-D56D9CFFC2B7}.Debug|x86.Build.0 = Debug|Win32
		{285FCB83-DC00-4A6E-8C78-D56D9CFFC2B7}.Release|x64.ActiveCfg = Release|x64
		{285FCB83-DC00-4A6E-8C78-D56D9CFFC2B7}.Release|x64.Build.0 = Release|x64
		{285FCB83-DC00-4A6E-8C78-D56D9CFFC2B7}.Release|x86.ActiveCfg = Release|Win32
		{285FCB83-DC00-4A6E-8C78-D56D9CFFC2B7}.Release|x86.Build.0 = Release|Win32
		{6C1A2807-0F23-4EDC-9F22-F717D3AC6F46}.Debug|x64.ActiveCfg = Debug|x64
		{6C1A2807-0F23-4EDC-9F22-F717D3AC6F46}.Debug|x64.Build.0 = Debug|x64
		{6C1A2807-0F23-4EDC-9F22-F717D3AC6F46}.Debug|x86.ActiveCfg = Debug|Win32
		{6C1A2807-0F23-4EDC-9F22-F717D3AC6F46}.Debug|x86.Build.0 = Debug|Win32
		{6C1A2807-0F23-4EDC-9F22-F717D3AC6F46}.Release|x64.ActiveCfg = Release|x64
		{6C1A2807-0F23-4EDC-9F22-F717D3AC6F46}.Release|x64.Build.0 = Release|x64
		{6C1A2807-0F23-4EDC-9F22-F717D3AC6F46}.Release|x86.ActiveCfg = Release|Win32
		{6C1A2807-0F23-4EDC-9F22-F717D3AC6F46}.Release|x86.Build.0 = Release|Win32
		{2A7C02CD-581F-4792-B550-2E51B32F67A5}.Debug|x64.ActiveCfg = Debug|x64
		{2A7C02CD-581F-4792-B550-2E51B32F67A5}.Debug|x64.Build.0 = Debug|x64
		{2A7C02CD-581F-4792-B550-2E51B32F67A5}.Debug|x86.ActiveCfg = Debug|Win32
		{2A7C02CD-581F-4792-B550-2E51B32F67A5}.Debug|x86.Build.0 = Debug|Win32
		{2A7C02CD-581F-4792-B550-2E51B32F67A5}.Release|x64.ActiveCfg = Release|x64
		{2A7C02CD-581F-4792-B550-2E51B32F67A5}.Release|x64.Build.0 = Release|x64
		{2A7C02CD-581F-4792-B550-2E51B32F67A5}.Release|x86.ActiveCfg = Release|Win32
		{2A7C02CD-581F-4792-B550-2E51B32F67A5}.Release|x86.Build.0 = Release|Win32
		{AE71DC2D-A42E-469B-992C-55028143D041}.Debug|x64.ActiveCfg = Debug|x64
		{AE71DC2D-A42E-469B-992C-55028143D041}.Debug|x64.Build.0 = Debug|x64
		{AE71DC2D-A42E-469B-992C-55028143D041}.Debug|x86.ActiveCfg = Debug|Win32
		{AE71DC2D-A42E-469B-992C-55028143D041}.Debug|x86.Build.0 = Debug|Win32
		{AE71DC2D-A42E-469B-992C-55028143D041}.Release|x64.ActiveCfg = Release|x64
		{AE71DC2D-A42E-469B-992C-55028143D041}.Release|x64.Build.0 = Release|x64
		{AE71DC2D-A42E-469B-992C-55028143D041}.Release|x86.ActiveCfg = Release|Win32
		{AE71DC2D-A42E-469B-992C-55028143D041}.Release|x86.Build.0 = Release|Win32
		{8C00BC9E-325F-441A-8207-021727AD7F96}.Debug|x64.ActiveCfg = Debug|x64
		{8C00BC9E-325F-441A-8207-021727AD7F96}.Debug|x64.Build.0 = Debug|x64
		{8C00BC9E-325F-441A-8207-021727AD7F96}.Debug|x86.ActiveCfg = Debug|Win32
		{8C00BC9E-325F-441A-8207-021727AD7F96}.Debug|x86.Build.0 = Debug|Win32
		{8C00BC9E-325F-441A-8207-021727AD7F96}.Release|x64.ActiveCfg = Release|x64
		{8C00BC9E-325F-441A-8207-021727AD7F96}.Release|x64.Build.0 = Release|x64
		{8C00BC9E-325F-441A-8207-021727AD7F96}.Release|x86.ActiveCfg = Release|Win32
		{8C00BC9E-325F-441A-8207-021727AD7F96}.Release|x86.Build.0 = Release|Win32
		{C127F965-433B-42E7-A4A4-44FEB2F732AB}.Debug|x64.ActiveCfg = Debug|x64
		{C127F965-433B-42E7-A4A4-44FEB2F732AB}.Debug|x64.Build.0 = Debug|x64
		{C127F965-433B-42E7-A4A4-44FEB2F732AB}.Debug|x86.ActiveCfg = Debug|Win32
		{C127F965-433B-42E7-A4A4-44FEB2F732AB}.Debug|x86.Build.0 = Debug|Win32
		{C127F965-433B-42E7-A4A4-44FEB2F732AB}.Release|x64.ActiveCfg = Release|x64
		{C127F965-433B-42E7-A4A4-44FEB2F732AB}.Release|x64.Build.0 = Release|x64
		{C127F965-433B-42E7-A4A4-44FEB2F732AB}.Release|x86.ActiveCfg = Release|Win32
		{C127F965-433B-42E7-A4A4-44FEB2F732AB}.Release|x86.Build.0 = Release|Win32
		{9F7D771B-9C63-45D7-911F-E4B956742246}.Debug|x64.ActiveCfg = Debug|x64
		{9F7D771B-9C63-45D7-911F-E4B956742246}.Debug|x64.Build.0 = Debug|x64
		{9F7D771B-9C63-45D7-911F-E4B956742246}.Debug|x86.ActiveCfg = Debug|Win32
		{9F7D771B-9C63-45D7-911F-E4B956742246}.Debug|x86.Build.0 = Debug|Win32
		{9F7D771B-9C63-45D7-911F-E4B956742246}.Release|x64.ActiveCfg = Release|x64
		{9F7D771B-9C63-45D7-911F-E4B956742246}.Release|x64.Build.0 = Release|x64
		{9F7D771B-9C63-45D7-911F-E4B956742246}.Release|x86.ActiveCfg = Release|Win32
		{9F7D771B-9C63-45D7-911F-E4B956742246}.Release|x86.Build.0 = Release|Win32
		{8B9D3E4A-FB2B-49B6-99A4-270CA0C1509E}.Debug|x64.ActiveCfg = Debug|x64
		{8B9D3E4A-FB2B-49B6-99A4-270CA0C1509E}.Debug|x64.Build.0 = Debug|x64
		{8B9D3E4A-FB2B-49B6-99A4-270CA0C1509E}.Debug|x86.ActiveCfg = Debug|Win32
		{8B9D3E4A-FB2B-49B6-99A4-270CA0C1509E}.Debug|x86.Build.0 = Debug|Win32
		{8B9D3E4A-FB2B-49B6-99A4-270CA0C1509E}.Release|x64.ActiveCfg = Release|x64
		{8B9D3E4A-FB2B-49B6-99A4-270CA0C1509E}.Release|x64.Build.0 = Release|x64
		{8B9D3E4A-FB2B-49B6-99A4-270CA0C1509E}.Release|x86.ActiveCfg = Release|Win32
		{8B9D3E4A-FB2B-49B6-99A4-270CA0C1509E}.Release|x86.Build.0 = Release|Win32
		{12A3F41E-6749-4234-AC9B-074FC2A8C706}.Debug|x64.ActiveCfg = Debug|x64
		{12A3F41E-6749-4234-AC9B-074FC2A8C706}.Debug|x64.Build.0 = Debug|x64
		{12A3F41E-6749-4234-AC9B-074FC2A8C706}.Debug|x86.ActiveCfg = Debug|Win32
		{12A3F41E-6749-4234-AC9B-074FC2A8C706}.Debug|x86.Build.0 = Debug|Win32
		{12A3F41E-6749-4234-AC9B-074FC2A8C706}.Release|x64.ActiveCfg = Release|x64
		{12A3F41E-6749-4234-AC9B-074FC2A8C706}.Release|x64.Build.0 = Release|x64
		{12A3F41E-6749-4234-AC9B-074FC2A8C706}.Release|x86.ActiveCfg = Release|Win32
		{12A3F41E-6749-4234-AC9B-074FC2A8C706}.Release|x86.Build.0 = Release|Win32
		{663C221C-C3E4-4DB4-885D-95E5D7F5B280}.Debug|x64.ActiveCfg = Debug|x64
		{663C221C-C3E4-4DB4-885D-95E5D7F5B280}.Debug|x64.Build.0 = Debug|x64
		{663C221C-C3E4-4DB4-885D-95E5D7F5B280}.Debug|x86.ActiveCfg = Debug|Win32
		{663C221C-C3E4-4DB4-885D-95E5D7F5B280}.Debug|x86.Build.0 = Debug|Win32
		{663C221C-C3E4-4DB4-885D-95E5D7F5B280}.Release|x64.ActiveCfg = Release|x64
		{663C221C-C3E4-4DB4-885D-95E5D7F5B280}.Release|x64.Build.0 = Release|x64
		{663C221C-C3E4-4DB4-885D-95E5D7F5B280}.Release|x86.ActiveCfg = Release|Win32
		{663C221C-C3E4-4DB4-885D-95E5D7F5B280}.Release|x86.Build.0 = Release|Win32
		{629204AC-384D-420C-AA36-3FB236152B7E}.Debug|x64.ActiveCfg = Debug|x64
		{629204AC-384D-420C-AA36-3FB236152B7E}.Debug|x64.Build.0 = Debug|x64
		{629204AC-384D-420C-AA36-3FB236152B7E}.Debug|x86.ActiveCfg = Debug|Win32
		{629204AC-384D-420C-AA36-3FB236152B7E}.Debug|x86.Build.0 = Debug|Win32
		{629204AC-384D-420C-AA36-3FB236152B7E}.Release|x64.ActiveCfg = Release|x64
		{629204AC-384D-420C-AA36-3FB236152B7E}.Release|x64.Build.0 = Release|x64
		{629204AC-384D-420C-AA36-3FB236152B7E}.Release|x86.ActiveCfg = Release|Win32
		{629204AC-384D-420C-AA36-3FB236152B7E}.Release|x86.Build.0 = Release|Win32
		{386E8236-DF38-4B62-8679-07504464FA12}.Debug|x64.ActiveCfg = Debug|x64
		{386E8236-DF38-4B62-8679-07504464FA12}.Debug|x64.Build.0 = Debug|x64
		{386E8236-DF38-4B62-8679-07504464FA12}.Debug|x86.ActiveCfg = Debug|Win32
		{386E8236-DF38-4B62-8679-07504464FA12}.Debug|x86.Build.0 = Debug|Win32
		{386E8236-DF38-4B62-8679-07504464FA12}.Release|x64.ActiveCfg = Release|x64
		{386E8236-DF38-4B62-8679-07504464FA12}.Release|x64.Build.0 = Release|x64
		{386E8236-DF38-4B62-8679-07504464FA12}.Release|x86.ActiveCfg = Release|Win32
		{386E8236-DF38-4B62-8679-07504464FA12}.Release|x86.Build.0 = Release|Win32
		{AF209973-6AF5-45FD-A01A-592914E132E7}.Debug|x64.ActiveCfg = Debug|x64
		{AF209973-6AF5-45FD-A01A-592914E132E7}.Debug|x64.Build.0 = Debug|x64
		{AF209973-6AF5-45FD-A01A-592914E132E7}.Debug|x86.ActiveCfg = Debug|Win32
		{AF209973-6AF5-45FD-A01A-592914E132E7}.Debug|x86.Build.0 = Debug|Win32
		{AF209973-6AF5-45FD-A01A-592914E132E7}.Release|x64.ActiveCfg = Release|x64
		{AF209973-6AF5-45FD-A01A-592914E132E7}.Release|x64.Build.0 = Release|x64
		{AF209973-6AF5-45FD-A01A-592914E132E7}.Release|x86.ActiveCfg = Release|Win32
		{AF209973-6AF5-45FD-A01A-592914E132E7}.Release|x86.Build.0 = Release|Win32
	EndGlobalSection
	GlobalSection(SolutionProperties) = preSolution
		HideSolutionNode = FALSE
	EndGlobalSection
	GlobalSection(ExtensibilityGlobals) = postSolution
		SolutionGuid = {BFCE22DA-BBA9-45EC-9B26-CCCD4E6B98E3}
	EndGlobalSection
EndGlobal
